
Microsoft Visual Studio Solution File, Format Version 12.00
# Visual Studio Version 17
VisualStudioVersion = 17.4.33213.308
MinimumVisualStudioVersion = 10.0.40219.1
Project("{FAE04EC0-301F-11D3-BF4B-00C04F79EFBC}") = "Grupparbete_DeluxeParking", "Grupparbete_DeluxeParking\Grupparbete_DeluxeParking.csproj", "{A56170C3-4E44-457A-8075-E518B619D470}"
EndProject
Global
	GlobalSection(SolutionConfigurationPlatforms) = preSolution
		Debug|Any CPU = Debug|Any CPU
		Release|Any CPU = Release|Any CPU
	EndGlobalSection
	GlobalSection(ProjectConfigurationPlatforms) = postSolution
		{A56170C3-4E44-457A-8075-E518B619D470}.Debug|Any CPU.ActiveCfg = Debug|Any CPU
		{A56170C3-4E44-457A-8075-E518B619D470}.Debug|Any CPU.Build.0 = Debug|Any CPU
		{A56170C3-4E44-457A-8075-E518B619D470}.Release|Any CPU.ActiveCfg = Release|Any CPU
		{A56170C3-4E44-457A-8075-E518B619D470}.Release|Any CPU.Build.0 = Release|Any CPU
	EndGlobalSection
	GlobalSection(SolutionProperties) = preSolution
		HideSolutionNode = FALSE
	EndGlobalSection
	GlobalSection(ExtensibilityGlobals) = postSolution
		SolutionGuid = {50863FAC-8167-490D-87F8-5AE55A187CF6}
	EndGlobalSection
EndGlobal
